# THIS IS AN AUTOGENERATED FILE. DO NOT EDIT THIS FILE DIRECTLY.
# yarn lockfile v1


"@adraffy/ens-normalize@1.10.0":
  version "1.10.0"
  resolved "https://registry.yarnpkg.com/@adraffy/ens-normalize/-/ens-normalize-1.10.0.tgz#d2a39395c587e092d77cbbc80acf956a54f38bf7"
  integrity sha512-nA9XHtlAkYfJxY7bce8DcN7eKxWWCWkU+1GR9d+U6MbNpfwQp8TI7vqOsBsMcHoT4mBu2kypKoSKnghEzOOq5Q==

"@adraffy/ens-normalize@1.10.1":
  version "1.10.1"
  resolved "https://registry.yarnpkg.com/@adraffy/ens-normalize/-/ens-normalize-1.10.1.tgz#63430d04bd8c5e74f8d7d049338f1cd9d4f02069"
  integrity sha512-96Z2IP3mYmF1Xg2cDm8f1gWGf/HUVedQ3FMifV4kG/PQ4yEP51xDtRAEfhVNt5f/uzpNkZHwWQuUcu6D6K+Ekw==

"@cspotcode/source-map-support@^0.8.0":
  version "0.8.1"
  resolved "https://registry.yarnpkg.com/@cspotcode/source-map-support/-/source-map-support-0.8.1.tgz#00629c35a688e05a88b1cda684fb9d5e73f000a1"
  integrity sha512-IchNf6dN4tHoMFIn/7OE8LWZ19Y6q/67Bmf6vnGREv8RSbBVb9LPJxEcnwrcwX6ixSvaiGoomAUvu4YSxXrVgw==
  dependencies:
    "@jridgewell/trace-mapping" "0.3.9"

"@ethersproject/abi@5.7.0", "@ethersproject/abi@^5.7.0":
  version "5.7.0"
  resolved "https://registry.yarnpkg.com/@ethersproject/abi/-/abi-5.7.0.tgz#b3f3e045bbbeed1af3947335c247ad625a44e449"
  integrity sha512-351ktp42TiRcYB3H1OP8yajPeAQstMW/yCFokj/AthP9bLHzQFPlOrxOcwYEDkUAICmOHljvN4K39OMTMUa9RA==
  dependencies:
    "@ethersproject/address" "^5.7.0"
    "@ethersproject/bignumber" "^5.7.0"
    "@ethersproject/bytes" "^5.7.0"
    "@ethersproject/constants" "^5.7.0"
    "@ethersproject/hash" "^5.7.0"
    "@ethersproject/keccak256" "^5.7.0"
    "@ethersproject/logger" "^5.7.0"
    "@ethersproject/properties" "^5.7.0"
    "@ethersproject/strings" "^5.7.0"

"@ethersproject/abstract-provider@5.7.0", "@ethersproject/abstract-provider@^5.7.0":
  version "5.7.0"
  resolved "https://registry.yarnpkg.com/@ethersproject/abstract-provider/-/abstract-provider-5.7.0.tgz#b0a8550f88b6bf9d51f90e4795d48294630cb9ef"
  integrity sha512-R41c9UkchKCpAqStMYUpdunjo3pkEvZC3FAwZn5S5MGbXoMQOHIdHItezTETxAO5bevtMApSyEhn9+CHcDsWBw==
  dependencies:
    "@ethersproject/bignumber" "^5.7.0"
    "@ethersproject/bytes" "^5.7.0"
    "@ethersproject/logger" "^5.7.0"
    "@ethersproject/networks" "^5.7.0"
    "@ethersproject/properties" "^5.7.0"
    "@ethersproject/transactions" "^5.7.0"
    "@ethersproject/web" "^5.7.0"

"@ethersproject/abstract-signer@5.7.0", "@ethersproject/abstract-signer@^5.7.0":
  version "5.7.0"
  resolved "https://registry.yarnpkg.com/@ethersproject/abstract-signer/-/abstract-signer-5.7.0.tgz#13f4f32117868452191a4649723cb086d2b596b2"
  integrity sha512-a16V8bq1/Cz+TGCkE2OPMTOUDLS3grCpdjoJCYNnVBbdYEMSgKrU0+B90s8b6H+ByYTBZN7a3g76jdIJi7UfKQ==
  dependencies:
    "@ethersproject/abstract-provider" "^5.7.0"
    "@ethersproject/bignumber" "^5.7.0"
    "@ethersproject/bytes" "^5.7.0"
    "@ethersproject/logger" "^5.7.0"
    "@ethersproject/properties" "^5.7.0"

"@ethersproject/address@5.7.0", "@ethersproject/address@^5.7.0":
  version "5.7.0"
  resolved "https://registry.yarnpkg.com/@ethersproject/address/-/address-5.7.0.tgz#19b56c4d74a3b0a46bfdbb6cfcc0a153fc697f37"
  integrity sha512-9wYhYt7aghVGo758POM5nqcOMaE168Q6aRLJZwUmiqSrAungkG74gSSeKEIR7ukixesdRZGPgVqme6vmxs1fkA==
  dependencies:
    "@ethersproject/bignumber" "^5.7.0"
    "@ethersproject/bytes" "^5.7.0"
    "@ethersproject/keccak256" "^5.7.0"
    "@ethersproject/logger" "^5.7.0"
    "@ethersproject/rlp" "^5.7.0"

"@ethersproject/base64@5.7.0", "@ethersproject/base64@^5.7.0":
  version "5.7.0"
  resolved "https://registry.yarnpkg.com/@ethersproject/base64/-/base64-5.7.0.tgz#ac4ee92aa36c1628173e221d0d01f53692059e1c"
  integrity sha512-Dr8tcHt2mEbsZr/mwTPIQAf3Ai0Bks/7gTw9dSqk1mQvhW3XvRlmDJr/4n+wg1JmCl16NZue17CDh8xb/vZ0sQ==
  dependencies:
    "@ethersproject/bytes" "^5.7.0"

"@ethersproject/basex@5.7.0", "@ethersproject/basex@^5.7.0":
  version "5.7.0"
  resolved "https://registry.yarnpkg.com/@ethersproject/basex/-/basex-5.7.0.tgz#97034dc7e8938a8ca943ab20f8a5e492ece4020b"
  integrity sha512-ywlh43GwZLv2Voc2gQVTKBoVQ1mti3d8HK5aMxsfu/nRDnMmNqaSJ3r3n85HBByT8OpoY96SXM1FogC533T4zw==
  dependencies:
    "@ethersproject/bytes" "^5.7.0"
    "@ethersproject/properties" "^5.7.0"

"@ethersproject/bignumber@5.7.0", "@ethersproject/bignumber@^5.7.0":
  version "5.7.0"
  resolved "https://registry.yarnpkg.com/@ethersproject/bignumber/-/bignumber-5.7.0.tgz#e2f03837f268ba655ffba03a57853e18a18dc9c2"
  integrity sha512-n1CAdIHRWjSucQO3MC1zPSVgV/6dy/fjL9pMrPP9peL+QxEg9wOsVqwD4+818B6LUEtaXzVHQiuivzRoxPxUGw==
  dependencies:
    "@ethersproject/bytes" "^5.7.0"
    "@ethersproject/logger" "^5.7.0"
    bn.js "^5.2.1"

"@ethersproject/bytes@5.7.0", "@ethersproject/bytes@^5.7.0":
  version "5.7.0"
  resolved "https://registry.yarnpkg.com/@ethersproject/bytes/-/bytes-5.7.0.tgz#a00f6ea8d7e7534d6d87f47188af1148d71f155d"
  integrity sha512-nsbxwgFXWh9NyYWo+U8atvmMsSdKJprTcICAkvbBffT75qDocbuggBU0SJiVK2MuTrp0q+xvLkTnGMPK1+uA9A==
  dependencies:
    "@ethersproject/logger" "^5.7.0"

"@ethersproject/constants@5.7.0", "@ethersproject/constants@^5.7.0":
  version "5.7.0"
  resolved "https://registry.yarnpkg.com/@ethersproject/constants/-/constants-5.7.0.tgz#df80a9705a7e08984161f09014ea012d1c75295e"
  integrity sha512-DHI+y5dBNvkpYUMiRQyxRBYBefZkJfo70VUkUAsRjcPs47muV9evftfZ0PJVCXYbAiCgght0DtcF9srFQmIgWA==
  dependencies:
    "@ethersproject/bignumber" "^5.7.0"

"@ethersproject/contracts@5.7.0":
  version "5.7.0"
  resolved "https://registry.yarnpkg.com/@ethersproject/contracts/-/contracts-5.7.0.tgz#c305e775abd07e48aa590e1a877ed5c316f8bd1e"
  integrity sha512-5GJbzEU3X+d33CdfPhcyS+z8MzsTrBGk/sc+G+59+tPa9yFkl6HQ9D6L0QMgNTA9q8dT0XKxxkyp883XsQvbbg==
  dependencies:
    "@ethersproject/abi" "^5.7.0"
    "@ethersproject/abstract-provider" "^5.7.0"
    "@ethersproject/abstract-signer" "^5.7.0"
    "@ethersproject/address" "^5.7.0"
    "@ethersproject/bignumber" "^5.7.0"
    "@ethersproject/bytes" "^5.7.0"
    "@ethersproject/constants" "^5.7.0"
    "@ethersproject/logger" "^5.7.0"
    "@ethersproject/properties" "^5.7.0"
    "@ethersproject/transactions" "^5.7.0"

"@ethersproject/hash@5.7.0", "@ethersproject/hash@^5.7.0":
  version "5.7.0"
  resolved "https://registry.yarnpkg.com/@ethersproject/hash/-/hash-5.7.0.tgz#eb7aca84a588508369562e16e514b539ba5240a7"
  integrity sha512-qX5WrQfnah1EFnO5zJv1v46a8HW0+E5xuBBDTwMFZLuVTx0tbU2kkx15NqdjxecrLGatQN9FGQKpb1FKdHCt+g==
  dependencies:
    "@ethersproject/abstract-signer" "^5.7.0"
    "@ethersproject/address" "^5.7.0"
    "@ethersproject/base64" "^5.7.0"
    "@ethersproject/bignumber" "^5.7.0"
    "@ethersproject/bytes" "^5.7.0"
    "@ethersproject/keccak256" "^5.7.0"
    "@ethersproject/logger" "^5.7.0"
    "@ethersproject/properties" "^5.7.0"
    "@ethersproject/strings" "^5.7.0"

"@ethersproject/hdnode@5.7.0", "@ethersproject/hdnode@^5.7.0":
  version "5.7.0"
  resolved "https://registry.yarnpkg.com/@ethersproject/hdnode/-/hdnode-5.7.0.tgz#e627ddc6b466bc77aebf1a6b9e47405ca5aef9cf"
  integrity sha512-OmyYo9EENBPPf4ERhR7oj6uAtUAhYGqOnIS+jE5pTXvdKBS99ikzq1E7Iv0ZQZ5V36Lqx1qZLeak0Ra16qpeOg==
  dependencies:
    "@ethersproject/abstract-signer" "^5.7.0"
    "@ethersproject/basex" "^5.7.0"
    "@ethersproject/bignumber" "^5.7.0"
    "@ethersproject/bytes" "^5.7.0"
    "@ethersproject/logger" "^5.7.0"
    "@ethersproject/pbkdf2" "^5.7.0"
    "@ethersproject/properties" "^5.7.0"
    "@ethersproject/sha2" "^5.7.0"
    "@ethersproject/signing-key" "^5.7.0"
    "@ethersproject/strings" "^5.7.0"
    "@ethersproject/transactions" "^5.7.0"
    "@ethersproject/wordlists" "^5.7.0"

"@ethersproject/json-wallets@5.7.0", "@ethersproject/json-wallets@^5.7.0":
  version "5.7.0"
  resolved "https://registry.yarnpkg.com/@ethersproject/json-wallets/-/json-wallets-5.7.0.tgz#5e3355287b548c32b368d91014919ebebddd5360"
  integrity sha512-8oee5Xgu6+RKgJTkvEMl2wDgSPSAQ9MB/3JYjFV9jlKvcYHUXZC+cQp0njgmxdHkYWn8s6/IqIZYm0YWCjO/0g==
  dependencies:
    "@ethersproject/abstract-signer" "^5.7.0"
    "@ethersproject/address" "^5.7.0"
    "@ethersproject/bytes" "^5.7.0"
    "@ethersproject/hdnode" "^5.7.0"
    "@ethersproject/keccak256" "^5.7.0"
    "@ethersproject/logger" "^5.7.0"
    "@ethersproject/pbkdf2" "^5.7.0"
    "@ethersproject/properties" "^5.7.0"
    "@ethersproject/random" "^5.7.0"
    "@ethersproject/strings" "^5.7.0"
    "@ethersproject/transactions" "^5.7.0"
    aes-js "3.0.0"
    scrypt-js "3.0.1"

"@ethersproject/keccak256@5.7.0", "@ethersproject/keccak256@^5.7.0":
  version "5.7.0"
  resolved "https://registry.yarnpkg.com/@ethersproject/keccak256/-/keccak256-5.7.0.tgz#3186350c6e1cd6aba7940384ec7d6d9db01f335a"
  integrity sha512-2UcPboeL/iW+pSg6vZ6ydF8tCnv3Iu/8tUmLLzWWGzxWKFFqOBQFLo6uLUv6BDrLgCDfN28RJ/wtByx+jZ4KBg==
  dependencies:
    "@ethersproject/bytes" "^5.7.0"
    js-sha3 "0.8.0"

"@ethersproject/logger@5.7.0", "@ethersproject/logger@^5.7.0":
  version "5.7.0"
  resolved "https://registry.yarnpkg.com/@ethersproject/logger/-/logger-5.7.0.tgz#6ce9ae168e74fecf287be17062b590852c311892"
  integrity sha512-0odtFdXu/XHtjQXJYA3u9G0G8btm0ND5Cu8M7i5vhEcE8/HmF4Lbdqanwyv4uQTr2tx6b7fQRmgLrsnpQlmnig==

"@ethersproject/networks@5.7.1", "@ethersproject/networks@^5.7.0":
  version "5.7.1"
  resolved "https://registry.yarnpkg.com/@ethersproject/networks/-/networks-5.7.1.tgz#118e1a981d757d45ccea6bb58d9fd3d9db14ead6"
  integrity sha512-n/MufjFYv3yFcUyfhnXotyDlNdFb7onmkSy8aQERi2PjNcnWQ66xXxa3XlS8nCcA8aJKJjIIMNJTC7tu80GwpQ==
  dependencies:
    "@ethersproject/logger" "^5.7.0"

"@ethersproject/pbkdf2@5.7.0", "@ethersproject/pbkdf2@^5.7.0":
  version "5.7.0"
  resolved "https://registry.yarnpkg.com/@ethersproject/pbkdf2/-/pbkdf2-5.7.0.tgz#d2267d0a1f6e123f3771007338c47cccd83d3102"
  integrity sha512-oR/dBRZR6GTyaofd86DehG72hY6NpAjhabkhxgr3X2FpJtJuodEl2auADWBZfhDHgVCbu3/H/Ocq2uC6dpNjjw==
  dependencies:
    "@ethersproject/bytes" "^5.7.0"
    "@ethersproject/sha2" "^5.7.0"

"@ethersproject/properties@5.7.0", "@ethersproject/properties@^5.7.0":
  version "5.7.0"
  resolved "https://registry.yarnpkg.com/@ethersproject/properties/-/properties-5.7.0.tgz#a6e12cb0439b878aaf470f1902a176033067ed30"
  integrity sha512-J87jy8suntrAkIZtecpxEPxY//szqr1mlBaYlQ0r4RCaiD2hjheqF9s1LVE8vVuJCXisjIP+JgtK/Do54ej4Sw==
  dependencies:
    "@ethersproject/logger" "^5.7.0"

"@ethersproject/providers@5.7.2":
  version "5.7.2"
  resolved "https://registry.yarnpkg.com/@ethersproject/providers/-/providers-5.7.2.tgz#f8b1a4f275d7ce58cf0a2eec222269a08beb18cb"
  integrity sha512-g34EWZ1WWAVgr4aptGlVBF8mhl3VWjv+8hoAnzStu8Ah22VHBsuGzP17eb6xDVRzw895G4W7vvx60lFFur/1Rg==
  dependencies:
    "@ethersproject/abstract-provider" "^5.7.0"
    "@ethersproject/abstract-signer" "^5.7.0"
    "@ethersproject/address" "^5.7.0"
    "@ethersproject/base64" "^5.7.0"
    "@ethersproject/basex" "^5.7.0"
    "@ethersproject/bignumber" "^5.7.0"
    "@ethersproject/bytes" "^5.7.0"
    "@ethersproject/constants" "^5.7.0"
    "@ethersproject/hash" "^5.7.0"
    "@ethersproject/logger" "^5.7.0"
    "@ethersproject/networks" "^5.7.0"
    "@ethersproject/properties" "^5.7.0"
    "@ethersproject/random" "^5.7.0"
    "@ethersproject/rlp" "^5.7.0"
    "@ethersproject/sha2" "^5.7.0"
    "@ethersproject/strings" "^5.7.0"
    "@ethersproject/transactions" "^5.7.0"
    "@ethersproject/web" "^5.7.0"
    bech32 "1.1.4"
    ws "7.4.6"

"@ethersproject/random@5.7.0", "@ethersproject/random@^5.7.0":
  version "5.7.0"
  resolved "https://registry.yarnpkg.com/@ethersproject/random/-/random-5.7.0.tgz#af19dcbc2484aae078bb03656ec05df66253280c"
  integrity sha512-19WjScqRA8IIeWclFme75VMXSBvi4e6InrUNuaR4s5pTF2qNhcGdCUwdxUVGtDDqC00sDLCO93jPQoDUH4HVmQ==
  dependencies:
    "@ethersproject/bytes" "^5.7.0"
    "@ethersproject/logger" "^5.7.0"

"@ethersproject/rlp@5.7.0", "@ethersproject/rlp@^5.7.0":
  version "5.7.0"
  resolved "https://registry.yarnpkg.com/@ethersproject/rlp/-/rlp-5.7.0.tgz#de39e4d5918b9d74d46de93af80b7685a9c21304"
  integrity sha512-rBxzX2vK8mVF7b0Tol44t5Tb8gomOHkj5guL+HhzQ1yBh/ydjGnpw6at+X6Iw0Kp3OzzzkcKp8N9r0W4kYSs9w==
  dependencies:
    "@ethersproject/bytes" "^5.7.0"
    "@ethersproject/logger" "^5.7.0"

"@ethersproject/sha2@5.7.0", "@ethersproject/sha2@^5.7.0":
  version "5.7.0"
  resolved "https://registry.yarnpkg.com/@ethersproject/sha2/-/sha2-5.7.0.tgz#9a5f7a7824ef784f7f7680984e593a800480c9fb"
  integrity sha512-gKlH42riwb3KYp0reLsFTokByAKoJdgFCwI+CCiX/k+Jm2mbNs6oOaCjYQSlI1+XBVejwH2KrmCbMAT/GnRDQw==
  dependencies:
    "@ethersproject/bytes" "^5.7.0"
    "@ethersproject/logger" "^5.7.0"
    hash.js "1.1.7"

"@ethersproject/signing-key@5.7.0", "@ethersproject/signing-key@^5.7.0":
  version "5.7.0"
  resolved "https://registry.yarnpkg.com/@ethersproject/signing-key/-/signing-key-5.7.0.tgz#06b2df39411b00bc57c7c09b01d1e41cf1b16ab3"
  integrity sha512-MZdy2nL3wO0u7gkB4nA/pEf8lu1TlFswPNmy8AiYkfKTdO6eXBJyUdmHO/ehm/htHw9K/qF8ujnTyUAD+Ry54Q==
  dependencies:
    "@ethersproject/bytes" "^5.7.0"
    "@ethersproject/logger" "^5.7.0"
    "@ethersproject/properties" "^5.7.0"
    bn.js "^5.2.1"
    elliptic "6.5.4"
    hash.js "1.1.7"

"@ethersproject/solidity@5.7.0":
  version "5.7.0"
  resolved "https://registry.yarnpkg.com/@ethersproject/solidity/-/solidity-5.7.0.tgz#5e9c911d8a2acce2a5ebb48a5e2e0af20b631cb8"
  integrity sha512-HmabMd2Dt/raavyaGukF4XxizWKhKQ24DoLtdNbBmNKUOPqwjsKQSdV9GQtj9CBEea9DlzETlVER1gYeXXBGaA==
  dependencies:
    "@ethersproject/bignumber" "^5.7.0"
    "@ethersproject/bytes" "^5.7.0"
    "@ethersproject/keccak256" "^5.7.0"
    "@ethersproject/logger" "^5.7.0"
    "@ethersproject/sha2" "^5.7.0"
    "@ethersproject/strings" "^5.7.0"

"@ethersproject/strings@5.7.0", "@ethersproject/strings@^5.7.0":
  version "5.7.0"
  resolved "https://registry.yarnpkg.com/@ethersproject/strings/-/strings-5.7.0.tgz#54c9d2a7c57ae8f1205c88a9d3a56471e14d5ed2"
  integrity sha512-/9nu+lj0YswRNSH0NXYqrh8775XNyEdUQAuf3f+SmOrnVewcJ5SBNAjF7lpgehKi4abvNNXyf+HX86czCdJ8Mg==
  dependencies:
    "@ethersproject/bytes" "^5.7.0"
    "@ethersproject/constants" "^5.7.0"
    "@ethersproject/logger" "^5.7.0"

"@ethersproject/transactions@5.7.0", "@ethersproject/transactions@^5.7.0":
  version "5.7.0"
  resolved "https://registry.yarnpkg.com/@ethersproject/transactions/-/transactions-5.7.0.tgz#91318fc24063e057885a6af13fdb703e1f993d3b"
  integrity sha512-kmcNicCp1lp8qanMTC3RIikGgoJ80ztTyvtsFvCYpSCfkjhD0jZ2LOrnbcuxuToLIUYYf+4XwD1rP+B/erDIhQ==
  dependencies:
    "@ethersproject/address" "^5.7.0"
    "@ethersproject/bignumber" "^5.7.0"
    "@ethersproject/bytes" "^5.7.0"
    "@ethersproject/constants" "^5.7.0"
    "@ethersproject/keccak256" "^5.7.0"
    "@ethersproject/logger" "^5.7.0"
    "@ethersproject/properties" "^5.7.0"
    "@ethersproject/rlp" "^5.7.0"
    "@ethersproject/signing-key" "^5.7.0"

"@ethersproject/units@5.7.0":
  version "5.7.0"
  resolved "https://registry.yarnpkg.com/@ethersproject/units/-/units-5.7.0.tgz#637b563d7e14f42deeee39245275d477aae1d8b1"
  integrity sha512-pD3xLMy3SJu9kG5xDGI7+xhTEmGXlEqXU4OfNapmfnxLVY4EMSSRp7j1k7eezutBPH7RBN/7QPnwR7hzNlEFeg==
  dependencies:
    "@ethersproject/bignumber" "^5.7.0"
    "@ethersproject/constants" "^5.7.0"
    "@ethersproject/logger" "^5.7.0"

"@ethersproject/wallet@5.7.0":
  version "5.7.0"
  resolved "https://registry.yarnpkg.com/@ethersproject/wallet/-/wallet-5.7.0.tgz#4e5d0790d96fe21d61d38fb40324e6c7ef350b2d"
  integrity sha512-MhmXlJXEJFBFVKrDLB4ZdDzxcBxQ3rLyCkhNqVu3CDYvR97E+8r01UgrI+TI99Le+aYm/in/0vp86guJuM7FCA==
  dependencies:
    "@ethersproject/abstract-provider" "^5.7.0"
    "@ethersproject/abstract-signer" "^5.7.0"
    "@ethersproject/address" "^5.7.0"
    "@ethersproject/bignumber" "^5.7.0"
    "@ethersproject/bytes" "^5.7.0"
    "@ethersproject/hash" "^5.7.0"
    "@ethersproject/hdnode" "^5.7.0"
    "@ethersproject/json-wallets" "^5.7.0"
    "@ethersproject/keccak256" "^5.7.0"
    "@ethersproject/logger" "^5.7.0"
    "@ethersproject/properties" "^5.7.0"
    "@ethersproject/random" "^5.7.0"
    "@ethersproject/signing-key" "^5.7.0"
    "@ethersproject/transactions" "^5.7.0"
    "@ethersproject/wordlists" "^5.7.0"

"@ethersproject/web@5.7.1", "@ethersproject/web@^5.7.0":
  version "5.7.1"
  resolved "https://registry.yarnpkg.com/@ethersproject/web/-/web-5.7.1.tgz#de1f285b373149bee5928f4eb7bcb87ee5fbb4ae"
  integrity sha512-Gueu8lSvyjBWL4cYsWsjh6MtMwM0+H4HvqFPZfB6dV8ctbP9zFAO73VG1cMWae0FLPCtz0peKPpZY8/ugJJX2w==
  dependencies:
    "@ethersproject/base64" "^5.7.0"
    "@ethersproject/bytes" "^5.7.0"
    "@ethersproject/logger" "^5.7.0"
    "@ethersproject/properties" "^5.7.0"
    "@ethersproject/strings" "^5.7.0"

"@ethersproject/wordlists@5.7.0", "@ethersproject/wordlists@^5.7.0":
  version "5.7.0"
  resolved "https://registry.yarnpkg.com/@ethersproject/wordlists/-/wordlists-5.7.0.tgz#8fb2c07185d68c3e09eb3bfd6e779ba2774627f5"
  integrity sha512-S2TFNJNfHWVHNE6cNDjbVlZ6MgE17MIxMbMg2zv3wn+3XSJGosL1m9ZVv3GXCf/2ymSsQ+hRI5IzoMJTG6aoVA==
  dependencies:
    "@ethersproject/bytes" "^5.7.0"
    "@ethersproject/hash" "^5.7.0"
    "@ethersproject/logger" "^5.7.0"
    "@ethersproject/properties" "^5.7.0"
    "@ethersproject/strings" "^5.7.0"

"@gnosis.pm/mock-contract@^4.0.0":
  version "4.0.0"
  resolved "https://registry.yarnpkg.com/@gnosis.pm/mock-contract/-/mock-contract-4.0.0.tgz#eaf500fddcab81b5f6c22280a7b22ff891dd6f87"
  integrity sha512-SkRq2KwPx6vo0LAjSc8JhgQstrQFXRyn2yqquIfub7r2WHi5nUbF8beeSSXsd36hvBcQxQfmOIYNYRpj9JOhrQ==

"@gnosis.pm/safe-contracts@1.3.0":
  version "1.3.0"
  resolved "https://registry.yarnpkg.com/@gnosis.pm/safe-contracts/-/safe-contracts-1.3.0.tgz#316741a7690d8751a1f701538cfc9ec80866eedc"
  integrity sha512-1p+1HwGvxGUVzVkFjNzglwHrLNA67U/axP0Ct85FzzH8yhGJb4t9jDjPYocVMzLorDoWAfKicGy1akPY9jXRVw==

"@gnosis.pm/zodiac@^3.4.2":
  version "3.5.2"
  resolved "https://registry.yarnpkg.com/@gnosis.pm/zodiac/-/zodiac-3.5.2.tgz#04e873b16fe2e345743e941f4527576492032f6f"
  integrity sha512-ra4iGOF8gPhYFZTQeH6mRC9TinY0eZ/l+uGhyskR46+IHjH3OFQbmfRu+UYJedYBka3vT3ai0iidKGDKRt61yA==
  dependencies:
    "@gnosis.pm/mock-contract" "^4.0.0"
    "@gnosis.pm/safe-contracts" "1.3.0"
    "@openzeppelin/contracts" "^5.0.0"
    "@openzeppelin/contracts-upgradeable" "^5.0.0"
    ethers "^5.7.1"

"@gnosispay/account-kit@^4.6.0":
  version "4.6.0"
  resolved "https://registry.yarnpkg.com/@gnosispay/account-kit/-/account-kit-4.6.0.tgz#a9c39974ec15ef626f4d96b17b65fdb8b8219a12"
  integrity sha512-rIT2vzeY0GtDceEPZ/hbNVFk/ZmOo1v7u4KN2YxQqNVXGzlPlFGAdZgHC9rPwMUQj8sFdWLfwhozj8ezisdZog==
  dependencies:
    "@gnosis.pm/safe-contracts" "1.3.0"
    "@gnosis.pm/zodiac" "^3.4.2"
    "@safe-global/safe-deployments" "1.28.0"
    "@safe-global/safe-singleton-factory" "1.0.16"
    ethers "^6.9.0"
    typescript "5.3.2"

"@jridgewell/resolve-uri@^3.0.3":
  version "3.1.2"
  resolved "https://registry.yarnpkg.com/@jridgewell/resolve-uri/-/resolve-uri-3.1.2.tgz#7a0ee601f60f99a20c7c7c5ff0c80388c1189bd6"
  integrity sha512-bRISgCIjP20/tbWSPWMEi54QVPRZExkuD9lJL+UIxUKtwVJA8wW1Trb1jMs1RFXo1CBTNZ/5hpC9QvmKWdopKw==

"@jridgewell/sourcemap-codec@^1.4.10":
  version "1.4.15"
  resolved "https://registry.yarnpkg.com/@jridgewell/sourcemap-codec/-/sourcemap-codec-1.4.15.tgz#d7c6e6755c78567a951e04ab52ef0fd26de59f32"
  integrity sha512-eF2rxCRulEKXHTRiDrDy6erMYWqNw4LPdQ8UQA4huuxaQsVeRPFl2oM8oDGxMFhJUWZf9McpLtJasDDZb/Bpeg==

"@jridgewell/trace-mapping@0.3.9":
  version "0.3.9"
  resolved "https://registry.yarnpkg.com/@jridgewell/trace-mapping/-/trace-mapping-0.3.9.tgz#6534fd5933a53ba7cbf3a17615e273a0d1273ff9"
  integrity sha512-3Belt6tdc8bPgAtbcmdtNJlirVoTmEb5e2gC94PnkwEW9jI6CAHUeoG85tjWP5WquqfavoMtMwiG4P926ZKKuQ==
  dependencies:
    "@jridgewell/resolve-uri" "^3.0.3"
    "@jridgewell/sourcemap-codec" "^1.4.10"

"@noble/curves@1.2.0", "@noble/curves@~1.2.0":
  version "1.2.0"
  resolved "https://registry.yarnpkg.com/@noble/curves/-/curves-1.2.0.tgz#92d7e12e4e49b23105a2555c6984d41733d65c35"
  integrity sha512-oYclrNgRaM9SsBUBVbb8M6DTV7ZHRTKugureoYEncY5c65HOmRzvSiTE3y5CYaPYJA/GVkrhXEoF0M3Ya9PMnw==
  dependencies:
    "@noble/hashes" "1.3.2"

"@noble/hashes@1.3.2":
  version "1.3.2"
  resolved "https://registry.yarnpkg.com/@noble/hashes/-/hashes-1.3.2.tgz#6f26dbc8fbc7205873ce3cee2f690eba0d421b39"
  integrity sha512-MVC8EAQp7MvEcm30KWENFjgR+Mkmf+D189XJTkFIlwohU5hcBbn1ZkKq7KVTi2Hme3PMGF390DaL52beVrIihQ==

"@noble/hashes@~1.3.0", "@noble/hashes@~1.3.2":
  version "1.3.3"
  resolved "https://registry.yarnpkg.com/@noble/hashes/-/hashes-1.3.3.tgz#39908da56a4adc270147bb07968bf3b16cfe1699"
  integrity sha512-V7/fPHgl+jsVPXqqeOzT8egNj2iBIVt+ECeMMG8TdcnTikP3oaBtUVqpT/gYCR68aEBJSF+XbYUxStjbFMqIIA==

"@openzeppelin/contracts-upgradeable@^5.0.0":
  version "5.0.2"
  resolved "https://registry.yarnpkg.com/@openzeppelin/contracts-upgradeable/-/contracts-upgradeable-5.0.2.tgz#3e5321a2ecdd0b206064356798c21225b6ec7105"
  integrity sha512-0MmkHSHiW2NRFiT9/r5Lu4eJq5UJ4/tzlOgYXNAIj/ONkQTVnz22pLxDvp4C4uZ9he7ZFvGn3Driptn1/iU7tQ==

"@openzeppelin/contracts@^5.0.0":
  version "5.0.2"
  resolved "https://registry.yarnpkg.com/@openzeppelin/contracts/-/contracts-5.0.2.tgz#b1d03075e49290d06570b2fd42154d76c2a5d210"
  integrity sha512-ytPc6eLGcHHnapAZ9S+5qsdomhjo6QBHTDRRBFfTxXIpsicMhVPouPgmUPebZZZGX7vt9USA+Z+0M0dSVtSUEA==

"@safe-global/safe-deployments@1.28.0":
  version "1.28.0"
  resolved "https://registry.yarnpkg.com/@safe-global/safe-deployments/-/safe-deployments-1.28.0.tgz#9984b513999e5a1cd4449ed2c1ba9a66cb5b223c"
  integrity sha512-zWn55unMucN3i3awjDA0XxH9BzGNHyC/qCbuISBh0GMZP/q+VCxERAOEO4OqwyGaxk6sSAzP4usGdmgz2y2svg==
  dependencies:
    semver "^7.3.7"

"@safe-global/safe-singleton-factory@1.0.16":
  version "1.0.16"
  resolved "https://registry.yarnpkg.com/@safe-global/safe-singleton-factory/-/safe-singleton-factory-1.0.16.tgz#03289ea653e0df88a6edd295d761b3f03b906656"
  integrity sha512-C6Zs88ubTTRd3zHiorlEW5wxqeLuJzBoKYaSDY2mIpLg4NqiIWGR2ksvLSMV+Uq2rs/De32WhfsRoMc1sdeE3w==

"@scure/base@~1.1.0", "@scure/base@~1.1.2":
  version "1.1.7"
  resolved "https://registry.yarnpkg.com/@scure/base/-/base-1.1.7.tgz#fe973311a5c6267846aa131bc72e96c5d40d2b30"
  integrity sha512-PPNYBslrLNNUQ/Yad37MHYsNQtK67EhWb6WtSvNLLPo7SdVZgkUjD6Dg+5On7zNwmskf8OX7I7Nx5oN+MIWE0g==

"@scure/bip32@1.3.2":
  version "1.3.2"
  resolved "https://registry.yarnpkg.com/@scure/bip32/-/bip32-1.3.2.tgz#90e78c027d5e30f0b22c1f8d50ff12f3fb7559f8"
  integrity sha512-N1ZhksgwD3OBlwTv3R6KFEcPojl/W4ElJOeCZdi+vuI5QmTFwLq3OFf2zd2ROpKvxFdgZ6hUpb0dx9bVNEwYCA==
  dependencies:
    "@noble/curves" "~1.2.0"
    "@noble/hashes" "~1.3.2"
    "@scure/base" "~1.1.2"

"@scure/bip39@1.2.1":
  version "1.2.1"
  resolved "https://registry.yarnpkg.com/@scure/bip39/-/bip39-1.2.1.tgz#5cee8978656b272a917b7871c981e0541ad6ac2a"
  integrity sha512-Z3/Fsz1yr904dduJD0NpiyRHhRYHdcnyh73FZWiV+/qhWi83wNJ3NWolYqCEN+ZWsUz2TWwajJggcRE9r1zUYg==
  dependencies:
    "@noble/hashes" "~1.3.0"
    "@scure/base" "~1.1.0"

"@tsconfig/node10@^1.0.7":
  version "1.0.11"
  resolved "https://registry.yarnpkg.com/@tsconfig/node10/-/node10-1.0.11.tgz#6ee46400685f130e278128c7b38b7e031ff5b2f2"
  integrity sha512-DcRjDCujK/kCk/cUe8Xz8ZSpm8mS3mNNpta+jGCA6USEDfktlNvm1+IuZ9eTcDbNk41BHwpHHeW+N1lKCz4zOw==

"@tsconfig/node12@^1.0.7":
  version "1.0.11"
  resolved "https://registry.yarnpkg.com/@tsconfig/node12/-/node12-1.0.11.tgz#ee3def1f27d9ed66dac6e46a295cffb0152e058d"
  integrity sha512-cqefuRsh12pWyGsIoBKJA9luFu3mRxCA+ORZvA4ktLSzIuCUtWVxGIuXigEwO5/ywWFMZ2QEGKWvkZG1zDMTag==

"@tsconfig/node14@^1.0.0":
  version "1.0.3"
  resolved "https://registry.yarnpkg.com/@tsconfig/node14/-/node14-1.0.3.tgz#e4386316284f00b98435bf40f72f75a09dabf6c1"
  integrity sha512-ysT8mhdixWK6Hw3i1V2AeRqZ5WfXg1G43mqoYlM2nc6388Fq5jcXyr5mRsqViLx/GJYdoL0bfXD8nmF+Zn/Iow==

"@tsconfig/node16@^1.0.2":
  version "1.0.4"
  resolved "https://registry.yarnpkg.com/@tsconfig/node16/-/node16-1.0.4.tgz#0b92dcc0cc1c81f6f306a381f28e31b1a56536e9"
  integrity sha512-vxhUy4J8lyeyinH7Azl1pdd43GJhZH/tP2weN8TntQblOY+A0XbT8DJk1/oCPuOOyg/Ja757rG0CgHcWC8OfMA==

"@types/node@18.15.13":
  version "18.15.13"
  resolved "https://registry.yarnpkg.com/@types/node/-/node-18.15.13.tgz#f64277c341150c979e42b00e4ac289290c9df469"
  integrity sha512-N+0kuo9KgrUQ1Sn/ifDXsvg0TTleP7rIy4zOBGECxAljqvqfqpTfzx0Q1NUedOixRMBfe2Whhb056a42cWs26Q==

abitype@1.0.4:
  version "1.0.4"
  resolved "https://registry.yarnpkg.com/abitype/-/abitype-1.0.4.tgz#a817ff44860e8a84e9a37ed22aa9b738dbb51dba"
  integrity sha512-UivtYZOGJGE8rsrM/N5vdRkUpqEZVmuTumfTuolm7m/6O09wprd958rx8kUBwVAAAhQDveGAgD0GJdBuR8s6tw==

acorn-walk@^8.1.1:
  version "8.3.3"
  resolved "https://registry.yarnpkg.com/acorn-walk/-/acorn-walk-8.3.3.tgz#9caeac29eefaa0c41e3d4c65137de4d6f34df43e"
  integrity sha512-MxXdReSRhGO7VlFe1bRG/oI7/mdLV9B9JJT0N8vZOhF7gFRR5l3M8W9G8JxmKV+JC5mGqJ0QvqfSOLsCPa4nUw==
  dependencies:
    acorn "^8.11.0"

acorn@^8.11.0, acorn@^8.4.1:
  version "8.12.0"
  resolved "https://registry.yarnpkg.com/acorn/-/acorn-8.12.0.tgz#1627bfa2e058148036133b8d9b51a700663c294c"
  integrity sha512-RTvkC4w+KNXrM39/lWCUaG0IbRkWdCv7W/IOW9oU6SawyxulvkQy5HQPVTKxEjczcUvapcrw3cFx/60VN/NRNw==

aes-js@3.0.0:
  version "3.0.0"
  resolved "https://registry.yarnpkg.com/aes-js/-/aes-js-3.0.0.tgz#e21df10ad6c2053295bcbb8dab40b09dbea87e4d"
  integrity sha512-H7wUZRn8WpTq9jocdxQ2c8x2sKo9ZVmzfRE13GiNJXfp7NcKYEdvl3vspKjXox6RIG2VtaRe4JFvxG4rqp2Zuw==

aes-js@4.0.0-beta.5:
  version "4.0.0-beta.5"
  resolved "https://registry.yarnpkg.com/aes-js/-/aes-js-4.0.0-beta.5.tgz#8d2452c52adedebc3a3e28465d858c11ca315873"
  integrity sha512-G965FqalsNyrPqgEGON7nIx1e/OVENSgiEIzyC63haUMuvNnwIgIjMs52hlTCKhkBny7A2ORNlfY9Zu+jmGk1Q==

arg@^4.1.0:
  version "4.1.3"
  resolved "https://registry.yarnpkg.com/arg/-/arg-4.1.3.tgz#269fc7ad5b8e42cb63c896d5666017261c144089"
  integrity sha512-58S9QDqG0Xx27YwPSt9fJxivjYl432YCwfDMfZ+71RAqUrZef7LrKQZ3LHLOwCS4FLNBplP533Zx895SeOCHvA==

bech32@1.1.4:
  version "1.1.4"
  resolved "https://registry.yarnpkg.com/bech32/-/bech32-1.1.4.tgz#e38c9f37bf179b8eb16ae3a772b40c356d4832e9"
  integrity sha512-s0IrSOzLlbvX7yp4WBfPITzpAU8sqQcpsmwXDiKwrG4r491vwCO/XpejasRNl0piBMe/DvP4Tz0mIS/X1DPJBQ==

bn.js@^4.11.9:
  version "4.12.0"
  resolved "https://registry.yarnpkg.com/bn.js/-/bn.js-4.12.0.tgz#775b3f278efbb9718eec7361f483fb36fbbfea88"
  integrity sha512-c98Bf3tPniI+scsdk237ku1Dc3ujXQTSgyiPUDEOe7tRkhrqridvh8klBv0HCEso1OLOYcHuCv/cS6DNxKH+ZA==

bn.js@^5.2.1:
  version "5.2.1"
  resolved "https://registry.yarnpkg.com/bn.js/-/bn.js-5.2.1.tgz#0bc527a6a0d18d0aa8d5b0538ce4a77dccfa7b70"
  integrity sha512-eXRvHzWyYPBuB4NBy0cmYQjGitUrtqwbvlzP3G6VFnNRbsZQIxQ10PbKKHt8gZ/HW/D/747aDl+QkDqg3KQLMQ==

brorand@^1.1.0:
  version "1.1.0"
  resolved "https://registry.yarnpkg.com/brorand/-/brorand-1.1.0.tgz#12c25efe40a45e3c323eb8675a0a0ce57b22371f"
  integrity sha512-cKV8tMCEpQs4hK/ik71d6LrPOnpkpGBR0wzxqr68g2m/LB2GxVYQroAjMJZRVM1Y4BCjCKc3vAamxSzOY2RP+w==

create-require@^1.1.0:
  version "1.1.1"
  resolved "https://registry.yarnpkg.com/create-require/-/create-require-1.1.1.tgz#c1d7e8f1e5f6cfc9ff65f9cd352d37348756c333"
  integrity sha512-dcKFX3jn0MpIaXjisoRvexIJVEKzaq7z2rZKxf+MSr9TkdmHmsU4m2lcLojrj/FHl8mk5VxMmYA+ftRkP/3oKQ==

diff@^4.0.1:
  version "4.0.2"
  resolved "https://registry.yarnpkg.com/diff/-/diff-4.0.2.tgz#60f3aecb89d5fae520c11aa19efc2bb982aade7d"
  integrity sha512-58lmxKSA4BNyLz+HHMUzlOEpg09FV+ev6ZMe3vJihgdxzgcwZ8VoEEPmALCZG9LmqfVoNMMKpttIYTVG6uDY7A==

dotenv@^16.4.5:
  version "16.4.5"
  resolved "https://registry.yarnpkg.com/dotenv/-/dotenv-16.4.5.tgz#cdd3b3b604cb327e286b4762e13502f717cb099f"
  integrity sha512-ZmdL2rui+eB2YwhsWzjInR8LldtZHGDoQ1ugH85ppHKwpUHL7j7rN0Ti9NCnGiQbhaZ11FpR+7ao1dNsmduNUg==

elliptic@6.5.4:
  version "6.5.4"
  resolved "https://registry.yarnpkg.com/elliptic/-/elliptic-6.5.4.tgz#da37cebd31e79a1367e941b592ed1fbebd58abbb"
  integrity sha512-iLhC6ULemrljPZb+QutR5TQGB+pdW6KGD5RSegS+8sorOZT+rdQFbsQFJgvN3eRqNALqJer4oQ16YvJHlU8hzQ==
  dependencies:
    bn.js "^4.11.9"
    brorand "^1.1.0"
    hash.js "^1.0.0"
    hmac-drbg "^1.0.1"
    inherits "^2.0.4"
    minimalistic-assert "^1.0.1"
    minimalistic-crypto-utils "^1.0.1"

ethers@^5.7.1:
  version "5.7.2"
  resolved "https://registry.yarnpkg.com/ethers/-/ethers-5.7.2.tgz#3a7deeabbb8c030d4126b24f84e525466145872e"
  integrity sha512-wswUsmWo1aOK8rR7DIKiWSw9DbLWe6x98Jrn8wcTflTVvaXhAMaB5zGAXy0GYQEQp9iO1iSHWVyARQm11zUtyg==
  dependencies:
    "@ethersproject/abi" "5.7.0"
    "@ethersproject/abstract-provider" "5.7.0"
    "@ethersproject/abstract-signer" "5.7.0"
    "@ethersproject/address" "5.7.0"
    "@ethersproject/base64" "5.7.0"
    "@ethersproject/basex" "5.7.0"
    "@ethersproject/bignumber" "5.7.0"
    "@ethersproject/bytes" "5.7.0"
    "@ethersproject/constants" "5.7.0"
    "@ethersproject/contracts" "5.7.0"
    "@ethersproject/hash" "5.7.0"
    "@ethersproject/hdnode" "5.7.0"
    "@ethersproject/json-wallets" "5.7.0"
    "@ethersproject/keccak256" "5.7.0"
    "@ethersproject/logger" "5.7.0"
    "@ethersproject/networks" "5.7.1"
    "@ethersproject/pbkdf2" "5.7.0"
    "@ethersproject/properties" "5.7.0"
    "@ethersproject/providers" "5.7.2"
    "@ethersproject/random" "5.7.0"
    "@ethersproject/rlp" "5.7.0"
    "@ethersproject/sha2" "5.7.0"
    "@ethersproject/signing-key" "5.7.0"
    "@ethersproject/solidity" "5.7.0"
    "@ethersproject/strings" "5.7.0"
    "@ethersproject/transactions" "5.7.0"
    "@ethersproject/units" "5.7.0"
    "@ethersproject/wallet" "5.7.0"
    "@ethersproject/web" "5.7.1"
    "@ethersproject/wordlists" "5.7.0"

ethers@^6.9.0:
  version "6.13.1"
  resolved "https://registry.yarnpkg.com/ethers/-/ethers-6.13.1.tgz#2b9f9c7455cde9d38b30fe6589972eb083652961"
  integrity sha512-hdJ2HOxg/xx97Lm9HdCWk949BfYqYWpyw4//78SiwOLgASyfrNszfMUNB2joKjvGUdwhHfaiMMFFwacVVoLR9A==
  dependencies:
    "@adraffy/ens-normalize" "1.10.1"
    "@noble/curves" "1.2.0"
    "@noble/hashes" "1.3.2"
    "@types/node" "18.15.13"
    aes-js "4.0.0-beta.5"
    tslib "2.4.0"
    ws "8.17.1"

hash.js@1.1.7, hash.js@^1.0.0, hash.js@^1.0.3:
  version "1.1.7"
  resolved "https://registry.yarnpkg.com/hash.js/-/hash.js-1.1.7.tgz#0babca538e8d4ee4a0f8988d68866537a003cf42"
  integrity sha512-taOaskGt4z4SOANNseOviYDvjEJinIkRgmp7LbKP2YTTmVxWBl87s/uzK9r+44BclBSp2X7K1hqeNfz9JbBeXA==
  dependencies:
    inherits "^2.0.3"
    minimalistic-assert "^1.0.1"

hmac-drbg@^1.0.1:
  version "1.0.1"
  resolved "https://registry.yarnpkg.com/hmac-drbg/-/hmac-drbg-1.0.1.tgz#d2745701025a6c775a6c545793ed502fc0c649a1"
  integrity sha512-Tti3gMqLdZfhOQY1Mzf/AanLiqh1WTiJgEj26ZuYQ9fbkLomzGchCws4FyrSd4VkpBfiNhaE1On+lOz894jvXg==
  dependencies:
    hash.js "^1.0.3"
    minimalistic-assert "^1.0.0"
    minimalistic-crypto-utils "^1.0.1"

inherits@^2.0.3, inherits@^2.0.4:
  version "2.0.4"
  resolved "https://registry.yarnpkg.com/inherits/-/inherits-2.0.4.tgz#0fa2c64f932917c3433a0ded55363aae37416b7c"
  integrity sha512-k/vGaX4/Yla3WzyMCvTQOXYeIHvqOKtnqBduzTHpzpQZzAskKMhZ2K+EnBiSM9zGSoIFeMpXKxa4dYeZIQqewQ==

isows@1.0.4:
  version "1.0.4"
  resolved "https://registry.yarnpkg.com/isows/-/isows-1.0.4.tgz#810cd0d90cc4995c26395d2aa4cfa4037ebdf061"
  integrity sha512-hEzjY+x9u9hPmBom9IIAqdJCwNLax+xrPb51vEPpERoFlIxgmZcHzsT5jKG06nvInKOBGvReAVz80Umed5CczQ==

js-sha3@0.8.0:
  version "0.8.0"
  resolved "https://registry.yarnpkg.com/js-sha3/-/js-sha3-0.8.0.tgz#b9b7a5da73afad7dedd0f8c463954cbde6818840"
  integrity sha512-gF1cRrHhIzNfToc802P800N8PpXS+evLLXfsVpowqmAFR9uwbi89WvXg2QspOmXL8QL86J4T1EpFu+yUkwJY3Q==

make-error@^1.1.1:
  version "1.3.6"
  resolved "https://registry.yarnpkg.com/make-error/-/make-error-1.3.6.tgz#2eb2e37ea9b67c4891f684a1394799af484cf7a2"
  integrity sha512-s8UhlNe7vPKomQhC1qFelMokr/Sc3AgNbso3n74mVPA5LTZwkB9NlXf4XPamLxJE8h0gh73rM94xvwRT2CVInw==

minimalistic-assert@^1.0.0, minimalistic-assert@^1.0.1:
  version "1.0.1"
  resolved "https://registry.yarnpkg.com/minimalistic-assert/-/minimalistic-assert-1.0.1.tgz#2e194de044626d4a10e7f7fbc00ce73e83e4d5c7"
  integrity sha512-UtJcAD4yEaGtjPezWuO9wC4nwUnVH/8/Im3yEHQP4b67cXlD/Qr9hdITCU1xDbSEXg2XKNaP8jsReV7vQd00/A==

minimalistic-crypto-utils@^1.0.1:
  version "1.0.1"
  resolved "https://registry.yarnpkg.com/minimalistic-crypto-utils/-/minimalistic-crypto-utils-1.0.1.tgz#f6c00c1c0b082246e5c4d99dfb8c7c083b2b582a"
  integrity sha512-JIYlbt6g8i5jKfJ3xz7rF0LXmv2TkDxBLUkiBeZ7bAx4GnnNMr8xFpGnOxn6GhTEHx3SjRrZEoU+j04prX1ktg==

scrypt-js@3.0.1:
  version "3.0.1"
  resolved "https://registry.yarnpkg.com/scrypt-js/-/scrypt-js-3.0.1.tgz#d314a57c2aef69d1ad98a138a21fe9eafa9ee312"
  integrity sha512-cdwTTnqPu0Hyvf5in5asVdZocVDTNRmR7XEcJuIzMjJeSHybHl7vpB66AzwTaIg6CLSbtjcxc8fqcySfnTkccA==

semver@^7.3.7:
  version "7.6.2"
  resolved "https://registry.yarnpkg.com/semver/-/semver-7.6.2.tgz#1e3b34759f896e8f14d6134732ce798aeb0c6e13"
  integrity sha512-FNAIBWCx9qcRhoHcgcJ0gvU7SN1lYU2ZXuSfl04bSC5OpvDHFyJCjdNHomPXxjQlCBU67YW64PzY7/VIEH7F2w==

ts-node@^10.9.2:
  version "10.9.2"
  resolved "https://registry.yarnpkg.com/ts-node/-/ts-node-10.9.2.tgz#70f021c9e185bccdca820e26dc413805c101c71f"
  integrity sha512-f0FFpIdcHgn8zcPSbf1dRevwt047YMnaiJM3u2w2RewrB+fob/zePZcrOyQoLMMO7aBIddLcQIEK5dYjkLnGrQ==
  dependencies:
    "@cspotcode/source-map-support" "^0.8.0"
    "@tsconfig/node10" "^1.0.7"
    "@tsconfig/node12" "^1.0.7"
    "@tsconfig/node14" "^1.0.0"
    "@tsconfig/node16" "^1.0.2"
    acorn "^8.4.1"
    acorn-walk "^8.1.1"
    arg "^4.1.0"
    create-require "^1.1.0"
    diff "^4.0.1"
    make-error "^1.1.1"
    v8-compile-cache-lib "^3.0.1"
    yn "3.1.1"

tslib@2.4.0:
  version "2.4.0"
  resolved "https://registry.yarnpkg.com/tslib/-/tslib-2.4.0.tgz#7cecaa7f073ce680a05847aa77be941098f36dc3"
  integrity sha512-d6xOpEDfsi2CZVlPQzGeux8XMwLT9hssAsaPYExaQMuYskwb+x1x7J371tWlbBdWHroy99KnVB6qIkUbs5X3UQ==

typescript@5.3.2:
  version "5.3.2"
  resolved "https://registry.yarnpkg.com/typescript/-/typescript-5.3.2.tgz#00d1c7c1c46928c5845c1ee8d0cc2791031d4c43"
  integrity sha512-6l+RyNy7oAHDfxC4FzSJcz9vnjTKxrLpDG5M2Vu4SHRVNg6xzqZp6LYSR9zjqQTu8DU/f5xwxUdADOkbrIX2gQ==

v8-compile-cache-lib@^3.0.1:
  version "3.0.1"
  resolved "https://registry.yarnpkg.com/v8-compile-cache-lib/-/v8-compile-cache-lib-3.0.1.tgz#6336e8d71965cb3d35a1bbb7868445a7c05264bf"
  integrity sha512-wa7YjyUGfNZngI/vtK0UHAN+lgDCxBPCylVXGp0zu59Fz5aiGtNXaq3DhIov063MorB+VfufLh3JlF2KdTK3xg==

viem@^2.9.29:
  version "2.16.0"
  resolved "https://registry.yarnpkg.com/viem/-/viem-2.16.0.tgz#646b7a872bc734de210e577f4b3630ffdc110b6d"
  integrity sha512-qXakKfshaDOiQFgb3MgROKDa4bfr095GMUqrD2WN6UMdzH7WtlAYJ65vnrpoXpny9jXAyNoirEJeBBUF9KFNIQ==
  dependencies:
    "@adraffy/ens-normalize" "1.10.0"
    "@noble/curves" "1.2.0"
    "@noble/hashes" "1.3.2"
    "@scure/bip32" "1.3.2"
    "@scure/bip39" "1.2.1"
    abitype "1.0.4"
    isows "1.0.4"
    ws "8.17.1"

ws@7.4.6:
  version "7.4.6"
  resolved "https://registry.yarnpkg.com/ws/-/ws-7.4.6.tgz#5654ca8ecdeee47c33a9a4bf6d28e2be2980377c"
  integrity sha512-YmhHDO4MzaDLB+M9ym/mDA5z0naX8j7SIlT8f8z+I0VtzsRbekxEutHSme7NPS2qE8StCYQNUnfWdXta/Yu85A==

ws@8.17.1:
  version "8.17.1"
  resolved "https://registry.yarnpkg.com/ws/-/ws-8.17.1.tgz#9293da530bb548febc95371d90f9c878727d919b"
  integrity sha512-6XQFvXTkbfUOZOKKILFG1PDK2NDQs4azKQl26T0YS5CxqWLgXajbPZ+h4gZekJyRqFU8pvnbAbbs/3TgRPy+GQ==

yn@3.1.1:
  version "3.1.1"
  resolved "https://registry.yarnpkg.com/yn/-/yn-3.1.1.tgz#1e87401a09d767c1d5eab26a6e4c185182d2eb50"
  integrity sha512-Ux4ygGWsu2c7isFWe8Yu1YluJmqVhxqK2cLXNQA5AcC3QfbGNpM7fu0Y8b/z16pXLnFxZYvWhd3fhBY9DLmC6Q==
